github.com/wowchemy/wowchemy-hugo-modules/wowchemy-cms/v5 v5.0.0-20211231133358-6d4989f90f7a h1:f/NgjHm7mIosNKXlJuLb95waWukCKOedFAr6/nxGsj8=
github.com/wowchemy/wowchemy-hugo-modules/wowchemy-cms/v5 v5.0.0-20211231133358-6d4989f90f7a/go.mod h1:Sp/AKo+2HAPi/IPHp1MEdKPmee+mzO5+efUBUPLPqPE=
github.com/wowchemy/wowchemy-hugo-modules/wowchemy-cms/v5 v5.0.0-20220220200012-e34e6372b1fb h1:4Tr76FyxdTHzXHImJxWkFij4j50V9/3x2VG3/cqmB3w=
github.com/wowchemy/wowchemy-hugo-modules/wowchemy-cms/v5 v5.0.0-20220220200012-e34e6372b1fb/go.mod h1:Sp/AKo+2HAPi/IPHp1MEdKPmee+mzO5+efUBUPLPqPE=
github.com/wowchemy/wowchemy-hugo-modules/wowchemy/v5 v5.0.0-20211231133358-6d4989f90f7a h1:mRLbuALXyYdnRJrAQt6QKCy4XeNZEooD+pSKByBjFY0=
github.com/wowchemy/wowchemy-hugo-modules/wowchemy/v5 v5.0.0-20211231133358-6d4989f90f7a/go.mod h1:2iL9rdrUYyJXX2BeHKfK+QbqZlubCsaR60nQ87NRQTY=
github.com/wowchemy/wowchemy-hugo-modules/wowchemy/v5 v5.0.0-20220220200012-e34e6372b1fb h1:RrPLqyOcAMdSzo/ixEZchk0BfzGpTuCtDszRzuFam6s=
github.com/wowchemy/wowchemy-hugo-modules/wowchemy/v5 v5.0.0-20220220200012-e34e6372b1fb/go.mod h1:2iL9rdrUYyJXX2BeHKfK+QbqZlubCsaR60nQ87NRQTY=
